{
  "name": "muammed1.github.io",
  "version": "0.1.0",
  "lockfileVersion": 3,
  "requires": true,
  "packages": {
    "": {
      "name": "muammed1.github.io",
      "version": "0.1.0",
      "dependencies": {
        "astro": "7.1.4"
      },
      "devDependencies": {
        "@astrojs/check": "0.9.10",
        "prettier": "3.9.6",
        "prettier-plugin-astro": "0.14.1",
        "typescript": "6.0.3"
      }
    },
    "node_modules/@astrojs/check": {
      "version": "0.9.10",
      "resolved": "https://registry.npmjs.org/@astrojs/check/-/check-0.9.10.tgz",
      "integrity": "sha512-zgx/UQMozdjOa3bOxjgeCFdtpE3c9rRX6xHwa+2QXvy8z8Akifu2AtubHyv/zzC2znO8dl8fFWL4K+Ba9kS8HQ==",
      "dev": true,
      "license": "MIT",
      "dependencies": {
        "@astrojs/language-server": "^2.16.7",
        "chokidar": "^4.0.3",
        "kleur": "^4.1.5",
        "yargs": "^18.0.0"
      },
      "bin": {
        "astro-check": "bin/astro-check.js"
      },
      "peerDependencies": {
        "typescript": "^5.0.0 || ^6.0.0"
      }
    },
    "node_modules/@astrojs/compiler": {
      "version": "2.13.1",
      "resolved": "https://registry.npmjs.org/@astrojs/compiler/-/compiler-2.13.1.tgz",
      "integrity": "sha512-f3FN83d2G/v32ipNClRKgYv30onQlMZX1vCeZMjPsMMPl1mDpmbl0+N5BYo4S/ofzqJyS5hvwacEo0CCVDn/Qg==",
      "dev": true,
      "license": "MIT"
    },
    "node_modules/@astrojs/compiler-binding": {
      "version": "0.3.1",
      "resolved": "https://registry.npmjs.org/@astrojs/compiler-binding/-/compiler-binding-0.3.1.tgz",
      "integrity": "sha512-DaAUj29AIBU2XdJ8uwcab8lW5O2pk9pY8AXkcMw0sw77nVa3oeTYRcO+Dvbbpoexf6ThMc0FMWYCQ/wN1/T7oQ==",
      "license": "MIT",
      "engines": {
        "node": "^20.19.0 || >=22.12.0"
      },
      "optionalDependencies": {
        "@astrojs/compiler-binding-darwin-arm64": "0.3.1",
        "@astrojs/compiler-binding-darwin-x64": "0.3.1",
        "@astrojs/compiler-binding-linux-arm64-gnu": "0.3.1",
        "@astrojs/compiler-binding-linux-arm64-musl": "0.3.1",
        "@astrojs/compiler-binding-linux-x64-gnu": "0.3.1",
        "@astrojs/compiler-binding-linux-x64-musl": "0.3.1",
        "@astrojs/compiler-binding-wasm32-wasi": "0.3.1",
        "@astrojs/compiler-binding-win32-arm64-msvc": "0.3.1",
        "@astrojs/compiler-binding-win32-x64-msvc": "0.3.1"
      }
    },
    "node_modules/@astrojs/compiler-binding-darwin-arm64": {
      "version": "0.3.1",
      "resolved": "https://registry.npmjs.org/@astrojs/compiler-binding-darwin-arm64/-/compiler-binding-darwin-arm64-0.3.1.tgz",
      "integrity": "sha512-IEmEF2fUIlTHtpeE/isyEGVOB14cEyh/LZOFYt6wn3jNyVpdC8aR5OZ+RzFUR/f+8ZDM1LaMwZKvoA7eMyJeFw==",
      "cpu": [
        "arm64"
      ],
      "license": "MIT",
      "optional": true,
      "os": [
        "darwin"
      ],
      "engines": {
        "node": "^20.19.0 || >=22.12.0"
      }
    },
    "node_modules/@astrojs/compiler-binding-darwin-x64": {
      "version": "0.3.1",
      "resolved": "https://registry.npmjs.org/@astrojs/compiler-binding-darwin-x64/-/compiler-binding-darwin-x64-0.3.1.tgz",
      "integrity": "sha512-GF2kIxjpPDLsn94zbZNMsxEmkU828QqnmM7kiQJnaooS3jmI+I7kk6+oI6EpwOsK3femCMdcm+wmOsEqtGrmjQ==",
      "cpu": [
        "x64"
      ],
      "license": "MIT",
      "optional": true,
      "os": [
        "darwin"
      ],
      "engines": {
        "node": "^20.19.0 || >=22.12.0"
      }
    },
    "node_modules/@astrojs/compiler-binding-linux-arm64-gnu": {
      "version": "0.3.1",
      "resolved": "https://registry.npmjs.org/@astrojs/compiler-binding-linux-arm64-gnu/-/compiler-binding-linux-arm64-gnu-0.3.1.tgz",
      "integrity": "sha512-XJL3SDmOtVrqFhCirNcHwE91+IesJqlgNo23I4qW9QUYfwzm/TBZuH61fgqsb1ttgR1mMYz6ooPWs0JDhwMqpQ==",
      "cpu": [
        "arm64"
      ],
      "license": "MIT",
      "optional": true,
      "os": [
        "linux"
      ],
      "engines": {
        "node": "^20.19.0 || >=22.12.0"
      }
    },
    "node_modules/@astrojs/compiler-binding-linux-arm64-musl": {
      "version": "0.3.1",
      "resolved": "https://registry.npmjs.org/@astrojs/compiler-binding-linux-arm64-musl/-/compiler-binding-linux-arm64-musl-0.3.1.tgz",
      "integrity": "sha512-xqE8BVbDoBueK/B47w30PtkVofUWJKGkwoMVE+EOMLf11rnoANxIAdA9FPqY+rng4oNI5ndHGsri1yPj2k8vZQ==",
      "cpu": [
        "arm64"
      ],
      "license": "MIT",
      "optional": true,
      "os": [
        "linux"
      ],
      "engines": {
        "node": "^20.19.0 || >=22.12.0"
      }
    },
    "node_modules/@astrojs/compiler-binding-linux-x64-gnu": {
      "version": "0.3.1",
      "resolved": "https://registry.npmjs.org/@astrojs/compiler-binding-linux-x64-gnu/-/compiler-binding-linux-x64-gnu-0.3.1.tgz",
      "integrity": "sha512-1y0StU1qiCuDFH3rmbRJXcxdfHxFPrES1Rd+RLffosvUR7I2cH5SF5SFnBN9vXpzpkmyElZm3Yr47iJBPN7vVA==",
      "cpu": [
        "x64"
      ],
      "license": "MIT",
      "optional": true,
      "os": [
        "linux"
      ],
      "engines": {
        "node": "^20.19.0 || >=22.12.0"
      }
    },
    "node_modules/@astrojs/compiler-binding-linux-x64-musl": {
      "version": "0.3.1",
      "resolved": "https://registry.npmjs.org/@astrojs/compiler-binding-linux-x64-musl/-/compiler-binding-linux-x64-musl-0.3.1.tgz",
      "integrity": "sha512-16q0fYf7kpbmdObZEeZJEup8hQv/whgNwVjrSvT8umrKwLDSnNIWiQpm09lQQu6bweZB0XyIvHwlPitvJhC+hg==",
      "cpu": [
        "x64"
      ],
      "license": "MIT",
      "optional": true,
      "os": [
        "linux"
      ],
      "engines": {
        "node": "^20.19.0 || >=22.12.0"
      }
    },
    "node_modules/@astrojs/compiler-binding-wasm32-wasi": {
      "version": "0.3.1",
      "resolved": "https://registry.npmjs.org/@astrojs/compiler-binding-wasm32-wasi/-/compiler-binding-wasm32-wasi-0.3.1.tgz",
      "integrity": "sha512-cB456shIwDv/PrVT+2QG7LFndpHkVge5HjqADKZgGaAc9JHVktCtjSrcdkRQ+3tbkPazNKaTLRjXLIiz2NIx9g==",
      "cpu": [
        "wasm32"
      ],
      "license": "MIT",
      "optional": true,
      "dependencies": {
        "@napi-rs/wasm-runtime": "^1.1.6"
      },
      "engines": {
        "node": ">=14.0.0"
      }
    },
    "node_modules/@astrojs/compiler-binding-win32-arm64-msvc": {
      "version": "0.3.1",
      "resolved": "https://registry.npmjs.org/@astrojs/compiler-binding-win32-arm64-msvc/-/compiler-binding-win32-arm64-msvc-0.3.1.tgz",
      "integrity": "sha512-ur/9+If/yTE69mmeX5MqSZndL0HOyx67GeNZUy3N7wVdWpLz9UTJXwyWS4UR2PUQHitghjsM5xoX0Ge56WRVQQ==",
      "cpu": [
        "arm64"
      ],
      "license": "MIT",
      "optional": true,
      "os": [
        "win32"
      ],
      "engines": {
        "node": "^20.19.0 || >=22.12.0"
      }
    },
    "node_modules/@astrojs/compiler-binding-win32-x64-msvc": {
      "version": "0.3.1",
      "resolved": "https://registry.npmjs.org/@astrojs/compiler-binding-win32-x64-msvc/-/compiler-binding-win32-x64-msvc-0.3.1.tgz",
      "integrity": "sha512-k0W+kDBzDkNZOqu4kElDvCOIbKw5Ut9S1WZ1Krj3KTgNuBERNKXsMMsRLLcbgfdMdbe7bTekQLshZrrvmYpmwA==",
      "cpu": [
        "x64"
      ],
      "license": "MIT",
      "optional": true,
      "os": [
        "win32"
      ],
      "engines": {
        "node": "^20.19.0 || >=22.12.0"
      }
    },
    "node_modules/@astrojs/compiler-rs": {
      "version": "0.3.1",
      "resolved": "https://registry.npmjs.org/@astrojs/compiler-rs/-/compiler-rs-0.3.1.tgz",
      "integrity": "sha512-aT7xkgsbNoS6nriY5qKpbihK43slFHO41iqgHCTdOvn1ifaQxLCc5yXy+6GzAtiafoaC1zA7OwVXCXMsvUZOkg==",
      "license": "MIT",
      "dependencies": {
        "@astrojs/compiler-binding": "0.3.1"
      },
      "engines": {
        "node": ">=22.12.0"
      }
    },
    "node_modules/@astrojs/internal-helpers": {
      "version": "0.10.1",
      "resolved": "https://registry.npmjs.org/@astrojs/internal-helpers/-/internal-helpers-0.10.1.tgz",
      "integrity": "sha512-5phcroT/vmOOrYuuAxtkbPixy5hePtlz9i8K4OeDv3dNK6/UQRuXPOSRTxIOBbUY5Sonw2UaxjbuVc43Mcir6Q==",
      "license": "MIT",
      "dependencies": {
        "@types/hast": "^3.0.4",
        "@types/mdast": "^4.0.4",
        "js-yaml": "^4.1.1",
        "picomatch": "^4.0.4",
        "retext-smartypants": "^6.2.0",
        "shiki": "^4.0.2",
        "smol-toml": "^1.6.0",
        "unified": "^11.0.5"
      }
    },
    "node_modules/@astrojs/language-server": {
      "version": "2.16.13",
      "resolved": "https://registry.npmjs.org/@astrojs/language-server/-/language-server-2.16.13.tgz",
      "integrity": "sha512-ekOa+CYprEq5n4EJC1qTIAhLk49HZIUQuFwrEuF+3JK/pdMaYnWoREFUI2A0KEPOJiFA2kamBzKzbYljDvUxLg==",
      "dev": true,
      "license": "MIT",
      "dependencies": {
        "@astrojs/compiler": "^2.13.1",
        "@astrojs/yaml2ts": "^0.2.4",
        "@jridgewell/sourcemap-codec": "^1.5.5",
        "@volar/kit": "~2.4.28",
        "@volar/language-core": "~2.4.28",
        "@volar/language-server": "~2.4.28",
        "@volar/language-service": "~2.4.28",
        "muggle-string": "^0.4.1",
        "tinyglobby": "^0.2.16",
        "volar-service-css": "0.0.71",
        "volar-service-emmet": "0.0.71",
        "volar-service-html": "0.0.71",
        "volar-service-prettier": "0.0.71",
        "volar-service-typescript": "0.0.71",
        "volar-service-typescript-twoslash-queries": "0.0.71",
        "volar-service-yaml": "0.0.71",
        "vscode-html-languageservice": "^5.6.2",
        "vscode-uri": "^3.1.0"
      },
      "bin": {
        "astro-ls": "bin/nodeServer.js"
      },
      "peerDependencies": {
        "prettier": "^3.0.0",
        "prettier-plugin-astro": ">=0.11.0"
      },
      "peerDependenciesMeta": {
        "prettier": {
          "optional": true
        },
        "prettier-plugin-astro": {
          "optional": true
        }
      }
    },
    "node_modules/@astrojs/markdown-satteri": {
      "version": "0.3.4",
      "resolved": "https://registry.npmjs.org/@astrojs/markdown-satteri/-/markdown-satteri-0.3.4.tgz",
      "integrity": "sha512-6Lvt/bQZEBW+zzdhPblvfZEy5PGEYJaUsUqaCgwHeRPxZJL1gc9I+DRLKWJjjYTWDzVUTzXlMq4WwSK+X34CVw==",
      "license": "MIT",
      "dependencies": {
        "@astrojs/internal-helpers": "0.10.1",
        "@astrojs/prism": "4.0.2",
        "github-slugger": "^2.0.0",
        "hast-util-from-html": "^2.0.3",
        "satteri": "^0.9.1"
      }
    },
    "node_modules/@astrojs/prism": {
      "version": "4.0.2",
      "resolved": "https://registry.npmjs.org/@astrojs/prism/-/prism-4.0.2.tgz",
      "integrity": "sha512-KTivpmnz6lDsC6o9H4+DNm2SrE/GHzw8cNAvEJwAvUT+eoaEnn/4NtbDNfRRaxaJHdp15gf+tfHAWiXR4wB3BA==",
      "license": "MIT",
      "dependencies": {
        "prismjs": "^1.30.0"
      },
      "engines": {
        "node": ">=22.12.0"
      }
    },
    "node_modules/@astrojs/telemetry": {
      "version": "3.3.3",
      "resolved": "https://registry.npmjs.org/@astrojs/telemetry/-/telemetry-3.3.3.tgz",
      "integrity": "sha512-C1TLn5sPJr0x4vk56piHWKbnqlEB8BKyte5Y45V02U+D7BGO5eMqZDH5aPjnkXQWJggvmsTXxH03QMZ9NgWLzQ==",
      "license": "MIT",
      "dependencies": {
        "ci-info": "^4.4.0",
        "dset": "^3.1.4",
        "is-docker": "^4.0.0",
        "package-manager-detector": "^1.6.0"
      },
      "engines": {
        "node": "18.20.8 || ^20.3.0 || >=22.0.0"
      }
    },
    "node_modules/@astrojs/yaml2ts": {
      "version": "0.2.4",
      "resolved": "https://registry.npmjs.org/@astrojs/yaml2ts/-/yaml2ts-0.2.4.tgz",
      "integrity": "sha512-8oddpOae35pJsXPQXhTkM0ypfKPskVsh2bCxRtbf7e+/Epw2nReakFYpLKjZMEr75CsoF203PMnCocpfz0s69A==",
      "dev": true,
      "license": "MIT",
      "dependencies": {
        "yaml": "^2.8.3"
      }
    },
    "node_modules/@babel/helper-string-parser": {
      "version": "7.29.7",
      "resolved": "https://registry.npmjs.org/@babel/helper-string-parser/-/helper-string-parser-7.29.7.tgz",
      "integrity": "sha512-Pb5ijPrZ89GDH8223L4UP8i6QApWxs04RbPQJTeWDV0/keR2E36MeKnyr6LYmUUvqRRI+Iv87SuF1W6ErINzYw==",
      "license": "MIT",
      "engines": {
        "node": ">=6.9.0"
      }
    },
    "node_modules/@babel/helper-validator-identifier": {
      "version": "7.29.7",
      "resolved": "https://registry.npmjs.org/@babel/helper-validator-identifier/-/helper-validator-identifier-7.29.7.tgz",
      "integrity": "sha512-qehxGkRj55h/ff8EMaJ+cYhyaKlHIxqYDn682wQD7RNp9UujOQsHog2uS0r2vzr4pW+sXf90NeeayjcNaX3fFg==",
      "license": "MIT",
      "engines": {
        "node": ">=6.9.0"
      }
    },
    "node_modules/@babel/parser": {
      "version": "7.29.7",
      "resolved": "https://registry.npmjs.org/@babel/parser/-/parser-7.29.7.tgz",
      "integrity": "sha512-hnORnjP/1P/zFEndoeX+n+t1RwWRJiJpM/jO7FW32Kn9r5+sJB2JWOdYo4L6k78j15eCwY3Gm/7364B1EMwtNg==",
      "license": "MIT",
      "dependencies": {
        "@babel/types": "^7.29.7"
      },
      "bin": {
        "parser": "bin/babel-parser.js"
      },
      "engines": {
        "node": ">=6.0.0"
      }
    },
    "node_modules/@babel/types": {
      "version": "7.29.7",
      "resolved": "https://registry.npmjs.org/@babel/types/-/types-7.29.7.tgz",
      "integrity": "sha512-4zBIxpPzowiZpusoFkyGVwakdRJUyuH5PxQ/PrqghfdFWWasvnCdPfQXHrenDai+gyLARulZjZowCOj6fjT4pA==",
      "license": "MIT",
      "dependencies": {
        "@babel/helper-string-parser": "^7.29.7",
        "@babel/helper-validator-identifier": "^7.29.7"
      },
      "engines": {
        "node": ">=6.9.0"
      }
    },
    "node_modules/@bruits/satteri-darwin-arm64": {
      "version": "0.9.5",
      "resolved": "https://registry.npmjs.org/@bruits/satteri-darwin-arm64/-/satteri-darwin-arm64-0.9.5.tgz",
      "integrity": "sha512-iw4nZgx9v30lWo/MTngQqi1pI78KI0DnkSm+lVJGYdmPLgAyDNJigVhpG42/Iq55A6c1Ll8q66ljyyRiQUxwow==",
      "cpu": [
        "arm64"
      ],
      "license": "MIT",
      "optional": true,
      "os": [
        "darwin"
      ]
    },
    "node_modules/@bruits/satteri-darwin-x64": {
      "version": "0.9.5",
      "resolved": "https://registry.npmjs.org/@bruits/satteri-darwin-x64/-/satteri-darwin-x64-0.9.5.tgz",
      "integrity": "sha512-6T26Z5Kf3cFW2PSlk9p7zT7yVxvuBSiJvYyz9u8KjYwMTqZyIDOj2wDyNpxKV4+6yUVG7rddq2QwvG/8LJA2+Q==",
      "cpu": [
        "x64"
      ],
      "license": "MIT",
      "optional": true,
      "os": [
        "darwin"
      ]
    },
    "node_modules/@bruits/satteri-linux-arm64-gnu": {
      "version": "0.9.5",
      "resolved": "https://registry.npmjs.org/@bruits/satteri-linux-arm64-gnu/-/satteri-linux-arm64-gnu-0.9.5.tgz",
      "integrity": "sha512-u51id17uJwNEMK9nBlICsq6U31c+XVqQueVBkwRIzZG+gMpS8TOJctt5h5Wz33Z8xnMdTd+adtACVz0yHgGuOA==",
      "cpu": [
        "arm64"
      ],
      "license": "MIT",
      "optional": true,
      "os": [
        "linux"
      ]
    },
    "node_modules/@bruits/satteri-linux-arm64-musl": {
      "version": "0.9.5",
      "resolved": "https://registry.npmjs.org/@bruits/satteri-linux-arm64-musl/-/satteri-linux-arm64-musl-0.9.5.tgz",
      "integrity": "sha512-v39HxiwGC5Rqm01HksP6+5Y+xKLPlsuVFgIgpEAo+SiQ22c+mJVhS3u7Z6ePAKdçnzÚÚ$z{-®éÜj×Ð¢ÒÀ¢&æöFUöÖöGVÆW2÷föÆ"×6W'f–6R×G—W67&—B#¢°¢'fW'6–öâ#¢#ããs"À¢'&W6öÇfVB#¢&‡GG3¢ò÷&Vv—7G'’æçÖ§2æ÷&r÷föÆ"×6W'f–6R×G—W67&—BòÒ÷föÆ"×6W'f–6R×G—W67&—BÓããsçFw¢"À¢&–çFVw&—G’#¢'6†S"×•GDÒô%eCf†÷”U–äGF7”Dæ†DæU2öÖ…ED&Ä$öGs4äæ•$%V–ã4—¦äd§vf¦W#F3e%–÷•¦¥¦3•df‡…fÃÔÇsÓÒ"À¢&FWb#¢G'VRÀ¢&Æ–6Vç6R#¢$Ô•B"À¢&FWVæFVæ6–W2#¢°¢'F‚Ö'&÷w6W&–g’#¢%ããã"À¢'6V×fW"#¢%ãrãbã""À¢'G—W67&—BÖWFòÖ–×÷'BÖ66†R#¢%ãã2ãR"À¢'g66öFRÖÆæwVvW6W'fW"×FW‡FFö7VÖVçB#¢%ããã"À¢'g66öFRÖæÇ2#¢%ãRã"ã"À¢'g66öFR×W&’#¢%ã2ãã‚ ¢ÒÀ¢'VW$FWVæFVæ6–W2#¢°¢$föÆ"öÆæwVvR×6W'f–6R#¢'ã"ãBã ¢ÒÀ¢'VW$FWVæFVæ6–W4ÖWF#¢°¢$föÆ"öÆæwVvR×6W'f–6R#¢°¢&÷F–öæÂ#¢G'VP¢Ð¢Ð¢ÒÀ¢&æöFUöÖöGVÆW2÷föÆ"×6W'f–6R×G—W67&—B×Gv÷6Æ6‚×VW&–W2#¢°¢'fW'6–öâ#¢#ããs"À¢'&W6öÇfVB#¢&‡GG3¢ò÷&Vv—7G'’æçÖ§2æ÷&r÷föÆ"×6W'f–6R×G—W67&—B×Gv÷6Æ6‚×VW&–W2òÒ÷föÆ"×6W'f–6R×G—W67&—B×Gv÷6Æ6‚×VW&–W2ÓããsçFw¢"À¢&–çFVw&—G’#¢'6†S"Ó”³&³s'3Fãw%c—3F%ƒ×–¦%ƒ–”'&–'dµ¦$$¤·TVÕD5¦fUt¥‡3e–ƒv$w“FVö3uWVd§g†T'w•¤4ô•'g„7cÓÒ"À¢&FWb#¢G'VRÀ¢&Æ–6Vç6R#¢$Ô•B"À¢&FWVæFVæ6–W2#¢°¢'g66öFR×W&’#¢%ã2ãã‚ ¢ÒÀ¢'VW$FWVæFVæ6–W2#¢°¢$föÆ"öÆæwVvR×6W'f–6R#¢'ã"ãBã ¢ÒÀ¢'VW$FWVæFVæ6–W4ÖWF#¢°¢$föÆ"öÆæwVvR×6W'f–6R#¢°¢&÷F–öæÂ#¢G'VP¢Ð¢Ð¢ÒÀ¢&æöFUöÖöGVÆW2÷föÆ"×6W'f–6R×–ÖÂ#¢°¢'fW'6–öâ#¢#ããs"À¢'&W6öÇfVB#¢&‡GG3¢ò÷&Vv—7G'’æçÖ§2æ÷&r÷föÆ"×6W'f–6R×–ÖÂòÒ÷föÆ"×6W'f–6R×–ÖÂÓããsçFw¢"À¢&–çFVw&—G’#¢'6†S"×”utwUgUFå¤wSUô5#D´Ä³F•#…'&5fæÖe£&U&6£—ô“…e¤6ô3W—“”gDWfdçfäGDÕSw–†D¦7g—„¥3%ÓÒ"À¢&FWb#¢G'VRÀ¢&Æ–6Vç6R#¢$Ô•B"À¢&FWVæFVæ6–W2#¢°¢'g66öFR×W&’#¢%ã2ãã‚"À¢'–ÖÂÖÆæwVvR×6W'fW"#¢'ãã#2ã ¢ÒÀ¢'VW$FWVæFVæ6–W2#¢°¢$föÆ"öÆæwVvR×6W'f–6R#¢'ã"ãBã ¢ÒÀ¢'VW$FWVæFVæ6–W4ÖWF#¢°¢$föÆ"öÆæwVvR×6W'f–6R#¢°¢&÷F–öæÂ#¢G'VP¢Ð¢Ð¢ÒÀ¢&æöFUöÖöGVÆW2÷g66öFRÖ772ÖÆæwVvW6W'f–6R#¢°¢'fW'6–öâ#¢#bã2ã"À¢'&W6öÇfVB#¢&‡GG3¢ò÷&Vv—7G'’æçÖ§2æ÷&r÷g66öFRÖ772ÖÆæwVvW6W'f–6RòÒ÷g66öFRÖ772ÖÆæwVvW6W'f–6RÓbã2ãçFw¢"À¢&–çFVw&—G’#¢'6†S"ÖWTã”W#6d3Gd—¦C”Tf‡”$s“wD47U†u%7æFöu„ÖƒvvWVÄ&u$–TFv¥¤%s—³33'”3’³C–5¤Õs†¦4Ã4ÔÓÒ"À¢&FWb#¢G'VRÀ¢&Æ–6Vç6R#¢$Ô•B"À¢&FWVæFVæ6–W2#¢°¢$g66öFRöÃâ#¢%ããã‚"À¢'g66öFRÖÆæwVvW6W'fW"×FW‡FFö7VÖVçB#¢%ããã""À¢'g66öFRÖÆæwVvW6W'fW"×G—W2#¢#2ãrãR"À¢'g66öFR×W&’#¢%ã2ãã ¢Ð¢ÒÀ¢&æöFUöÖöGVÆW2÷g66öFRÖ772ÖÆæwVvW6W'f–6RöæöFUöÖöGVÆW2÷g66öFRÖÆæwVvW6W'fW"×G—W2#¢°¢'fW'6–öâ#¢#2ãrãR"À¢'&W6öÇfVB#¢&‡GG3¢ò÷&Vv—7G'’æçÖ§2æ÷&r÷g66öFRÖÆæwVvW6W'fW"×G—W2òÒ÷g66öFRÖÆæwVvW6W'fW"×G—W2Ó2ãrãRçFw¢"À¢&–çFVw&—G’#¢'6†S"ÔÆCfVÄçUƒ—Dc3–ƒ$†vV#V„U¤Ó%£6¥W'$ÖuuSƒ&¤×E§w7d¥C4'¥Fô·E¤“tæu75¦¦SVó§'”÷&…g¥sÓÒ"À¢&FWb#¢G'VRÀ¢&Æ–6Vç6R#¢$Ô•B ¢ÒÀ¢&æöFUöÖöGVÆW2÷g66öFRÖ‡FÖÂÖÆæwVvW6W'f–6R#¢°¢'fW'6–öâ#¢#Rãbã""À¢'&W6öÇfVB#¢&‡GG3¢ò÷&Vv—7G'’æçÖ§2æ÷&r÷g66öFRÖ‡FÖÂÖÆæwVvW6W'f–6RòÒ÷g66öFRÖ‡FÖÂÖÆæwVvW6W'f–6RÓRãbã"çFw¢"À¢&–çFVw&—G’#¢'6†S"×VÄ7%6äfæee—§gvå•VtV%TVÂõ¤swS&Uc#u–‡dÄö%4„¶¶#†gs£–6w6åWv¥DVTD–D¤FõDEDG‡V…vöVæôÄäÖsÓÒ"À¢&FWb#¢G'VRÀ¢&Æ–6Vç6R#¢$Ô•B"À¢&FWVæFVæ6–W2#¢°¢$g66öFRöÃâ#¢%ããã‚"À¢'g66öFRÖÆæwVvW6W'fW"×FW‡FFö7VÖVçB#¢%ããã""À¢'g66öFRÖÆæwVvW6W'fW"×G—W2#¢%ã2ãrãR"À¢'g66öFR×W&’#¢%ã2ãã ¢Ð¢ÒÀ¢&æöFUöÖöGVÆW2÷g66öFRÖ§6öâÖÆæwVvW6W'f–6R#¢°¢'fW'6–öâ#¢#Bãã‚"À¢'&W6öÇfVB#¢&‡GG3¢ò÷&Vv—7G'’æçÖ§2æ÷&r÷g66öFRÖ§6öâÖÆæwVvW6W'f–6RòÒ÷g66öFRÖ§6öâÖÆæwVvW6W'f–6RÓBãã‚çFw¢"À¢&–çFVw&—G’#¢'6†S"Óe7se†C–†eb¶U¤”ãc7…edÔõFÔ£Dvt‡…†æ´Ä6‚³•'5&µt´–v‡¤Æ…s$#–V&dr´Ås‡TÇG5&T¶¥FtRµösÓÒ"À¢&FWb#¢G'VRÀ¢&Æ–6Vç6R#¢$Ô•B"À¢&FWVæFVæ6–W2#¢°¢&§6öæ2×'6W"#¢%ã2ãã"À¢'g66öFRÖÆæwVvW6W'fW"×FW‡FFö7VÖVçB#¢%ããã"À¢'g66öFRÖÆæwVvW6W'fW"×G—W2#¢%ã2ãbã"À¢'g66öFRÖæÇ2#¢%ãRãã"À¢'g66öFR×W&’#¢%ã2ãã" ¢ÒÀ¢&Væv–æW2#¢°¢&çÒ#¢#ãÓrãã ¢Ð¢ÒÀ¢&æöFUöÖöGVÆW2÷g66öFRÖ§6öç'2#¢°¢'fW'6–öâ#¢#’ãã"À¢'&W6öÇfVB#¢&‡GG3¢ò÷&Vv—7G'’æçÖ§2æ÷&r÷g66öFRÖ§6öç'2òÒ÷g66öFRÖ§6öç'2Ó’ããçFw¢"À¢&–çFVw&—G’#¢'6†S"×&gTeCsTƒfÓTV¶&‡DU§&S—C…4D“$Ô×“B¶åd”&·3T£„¤$T„CGE%•6v$ö–¤”T3u5&´3´·•…DÇ&Öƒ–§sÓÒ"À¢&FWb#¢G'VRÀ¢&Æ–6Vç6R#¢$Ô•B"À¢&Væv–æW2#¢°¢&æöFR#¢#ãÓBãã ¢Ð¢ÒÀ¢&æöFUöÖöGVÆW2÷g66öFRÖÆæwVvW6W'fW"#¢°¢'fW'6–öâ#¢#’ãã"À¢'&W6öÇfVB#¢&‡GG3¢ò÷&Vv—7G'’æçÖ§2æ÷&r÷g66öFRÖÆæwVvW6W'fW"òÒ÷g66öFRÖÆæwVvW6W'fW"Ó’ããçFw¢"À¢&–çFVw&—G’#¢'6†S"×vô'”c5G´„eW&UVt†÷3r·UvFUtÕ…&C#bµ¥ƒ$†4gƒgbô¥GFCB÷Tãö¤#e……–öÄ†&–ó4åD„7&tsVãvsÓÒ"À¢&FWb#¢G'VRÀ¢&Æ–6Vç6R#¢$Ô•B"À¢&FWVæFVæ6–W2#¢°¢'g66öFRÖÆæwVvW6W'fW"×&÷Fö6öÂ#¢#2ãrãR ¢ÒÀ¢&&–â#¢°¢&–ç7FÆÅ6W'fW$–çFôW‡FVç6–öâ#¢&&–âö–ç7FÆÅ6W'fW$–çFôW‡FVç6–öâ ¢Ð¢ÒÀ¢&æöFUöÖöGVÆW2÷g66öFRÖÆæwVvW6W'fW"×&÷Fö6öÂ#¢°¢'fW'6–öâ#¢#2ã‚ã""À¢'&W6öÇfVB#¢&‡GG3¢ò÷&Vv—7G'’æçÖ§2æ÷&r÷g66öFRÖÆæwVvW6W'fW"×&÷Fö6öÂòÒ÷g66öFRÖÆæwVvW6W'fW"×&÷Fö6öÂÓ2ã‚ã"çFw¢"À¢&–çFVw&—G’#¢'6†S"Õ…'”F%C754çF“4¦×…dUT×•5t56“†„Ò²ôµVÄ7“…c¦×'Ó÷tó$T¶“†&Æ†ÔÇT”×§%–&ó÷¤ufd³%sÓÒ"À¢&FWb#¢G'VRÀ¢&Æ–6Vç6R#¢$Ô•B"À¢&FWVæFVæ6–W2#¢°¢'g66öFRÖ§6öç'2#¢#’ãã"À¢'g66öFRÖÆæwVvW6W'fW"×G—W2#¢#2ã‚ã ¢Ð¢ÒÀ¢&æöFUöÖöGVÆW2÷g66öFRÖÆæwVvW6W'fW"×FW‡FFö7VÖVçB#¢°¢'fW'6–öâ#¢#ãã""À¢'&W6öÇfVB#¢&‡GG3¢ò÷&Vv—7G'’æçÖ§2æ÷&r÷g66öFRÖÆæwVvW6W'fW"×FW‡FFö7VÖVçBòÒ÷g66öFRÖÆæwVvW6W'fW"×FW‡FFö7VÖVçBÓãã"çFw¢"À¢&–çFVw&—G’#¢'6†S"Ö7…tåW46å64ÕVVæ¤´·4ô4µ¢ôÃeGc”EE$”wTÅvS3&Ç—¥v†–„ud¢÷&66µ¥„§†fD´4ge$Å36g$—5bõ¤uƒG¤ÓÒ"À¢&FWb#¢G'VRÀ¢&Æ–6Vç6R#¢$Ô•B ¢ÒÀ¢&æöFUöÖöGVÆW2÷g66öFRÖÆæwVvW6W'fW"×G—W2#¢°¢'fW'6–öâ#¢#2ã‚ã"À¢'&W6öÇfVB#¢&‡GG3¢ò÷&Vv—7G'’æçÖ§2æ÷&r÷g66öFRÖÆæwVvW6W'fW"×G—W2òÒ÷g66öFRÖÆæwVvW6W'fW"×G—W2Ó2ã‚ãçFw¢"À¢&–çFVw&—G’#¢'6†S"Ó…G4uäÔ”Ö–”&F´õ&u%7dÆ§V”T–”gDò´·76Õ•w…·U5gfÆcu&¤³…”´4ö¥¥¢µ”F¥„Ucr³tÇfµ6Ô†¶‡å3“–sÓÒ"À¢&FWb#¢G'VRÀ¢&Æ–6Vç6R#¢$Ô•B ¢ÒÀ¢&æöFUöÖöGVÆW2÷g66öFRÖÆæwVvW6W'fW"öæöFUöÖöGVÆW2÷g66öFRÖ§6öç'2#¢°¢'fW'6–öâ#¢#‚ã"ã"À¢'&W6öÇfVB#¢&‡GG3¢ò÷&Vv—7G'’æçÖ§2æ÷&r÷g66öFRÖ§6öç'2òÒ÷g66öFRÖ§6öç'2Ó‚ã"ãçFw¢"À¢&–çFVw&—G’#¢'6†S"Ô2·#T´¥T–f”D–gt¦‡&–3µE•uGT„¥„‡D“t£–ÄöÔ´óvöw…#C§„#t…¥”f„——fô%uw6¶§‡'dFf§•¦dÓÒ"À¢&FWb#¢G'VRÀ¢&Æ–6Vç6R#¢$Ô•B"À¢&Væv–æW2#¢°¢&æöFR#¢#ãÓBãã ¢Ð¢ÒÀ¢&æöFUöÖöGVÆW2÷g66öFRÖÆæwVvW6W'fW"öæöFUöÖöGVÆW2÷g66öFRÖÆæwVvW6W'fW"×&÷Fö6öÂ#¢°¢'fW'6–öâ#¢#2ãrãR"À¢'&W6öÇfVB#¢&‡GG3¢ò÷&Vv—7G'’æçÖ§2æ÷&r÷g66öFRÖÆæwVvW6W'fW"×&÷Fö6öÂòÒ÷g66öFRÖÆæwVvW6W'fW"×&÷Fö6öÂÓ2ãrãRçFw¢"À¢&–çFVw&—G’#¢'6†S"ÖÖ#'e$¤ã…5g¦äE4utÓ—Rö#tƒtV6s“4öu„GTÆFã3w&Âô£4•”CböU”÷77†V4Ã#v„³•¤6ƒ’ô¦Æ¦sÓÒ"À¢&FWb#¢G'VRÀ¢&Æ–6Vç6R#¢$Ô•B"À¢&FWVæFVæ6–W2#¢°¢'g66öFRÖ§6öç'2#¢#‚ã"ã"À¢'g66öFRÖÆæwVvW6W'fW"×G—W2#¢#2ãrãR ¢Ð¢ÒÀ¢&æöFUöÖöGVÆW2÷g66öFRÖÆæwVvW6W'fW"öæöFUöÖöGVÆW2÷g66öFRÖÆæwVvW6W'fW"×G—W2#¢°¢'fW'6–öâ#¢#2ãrãR"À¢'&W6öÇfVB#¢&‡GG3¢ò÷&Vv—7G'’æçÖ§2æ÷&r÷g66öFRÖÆæwVvW6W'fW"×G—W2òÒ÷g66öFRÖÆæwVvW6W'fW"×G—W2Ó2ãrãRçFw¢"À¢&–çFVw&—G’#¢'6†S"ÔÆCfVÄçUƒ—Dc3–ƒ$†vV#V„U¤Ó%£6¥W'$ÖuuSƒ&¤×E§w7d¥C4'¥Fô·E¤“tæu75¦¦SVó§'”÷&…g¥sÓÒ"À¢&FWb#¢G'VRÀ¢&Æ–6Vç6R#¢$Ô•B ¢ÒÀ¢&æöFUöÖöGVÆW2÷g66öFRÖæÇ2#¢°¢'fW'6–öâ#¢#Rã"ã"À¢'&W6öÇfVB#¢&‡GG3¢ò÷&Vv—7G'’æçÖ§2æ÷&r÷g66öFRÖæÇ2òÒ÷g66öFRÖæÇ2ÓRã"ãçFw¢"À¢&–çFVw&—G’#¢'6†S"Õ$‡ƒt#E¥SDUS3B·$·£"÷¥6Ãw„×6d•§Vó‡B´µ¤óe‡E×Wg7g‡etæ7$v&FÖ„Ò÷'#UWsT×¢´ä&f…fæsÓÒ"À¢&FWb#¢G'VRÀ¢&Æ–6Vç6R#¢$Ô•B ¢ÒÀ¢&æöFUöÖöGVÆW2÷g66öFR×W&’#¢°¢'fW'6–öâ#¢#2ãã"À¢'&W6öÇfVB#¢&‡GG3¢ò÷&Vv—7G'’æçÖ§2æ÷&r÷g66öFR×W&’òÒ÷g66öFR×W&’Ó2ããçFw¢"À¢&–çFVw&—G’#¢'6†S"Òô'E7‚·”5vä7fV6'•†G„„F·V³SRôs7‡vä3w“FvÕ6¢´¶s†·§¦t#Dæ²õ4”æ§ãb·vs4Vv%dc%´W†µ'…ÓÒ"À¢&FWb#¢G'VRÀ¢&Æ–6Vç6R#¢$Ô•B ¢ÒÀ¢&æöFUöÖöGVÆW2÷vV"ÖæÖW76W2#¢°¢'fW'6–öâ#¢#"ãã"À¢'&W6öÇfVB#¢&‡GG3¢ò÷&Vv—7G'’æçÖ§2æ÷&r÷vV"ÖæÖW76W2òÒ÷vV"ÖæÖW76W2Ó"ããçFw¢"À¢&–çFVw&—G’#¢'6†S"Ö$·#F¶”æ&·%3w„çFG'D„×§U”teÆ•5G6÷'6ECeTÅFµÄ·WSR´w4gFÆsd¤f¥UGuƒ$G–„Õs&&S‡U'5ÓÒ"À¢&Æ–6Vç6R#¢$Ô•B"À¢&gVæF–ær#¢°¢'G—R#¢&v—F‡V""À¢'W&Â#¢&‡GG3¢òöv—F‡V"æ6öÒ÷7öç6÷'2÷vöö÷&Ò ¢Ð¢ÒÀ¢&æöFUöÖöGVÆW2÷w&Öç6’#¢°¢'fW'6–öâ#¢#’ãã""À¢'&W6öÇfVB#¢&‡GG3¢ò÷&Vv—7G'’æçÖ§2æ÷&r÷w&Öç6’òÒ÷w&Öç6’Ó’ãã"çFw¢"À¢&–çFVw&—G’#¢'6†S"ÓC$FÖw¥bµƒgDög•Dtõ•&“÷§6ôÇE…6µF×FW–%B´$D–$ÒôwW†ówƒ7S'gG#ö³g…'Ó”÷&R´§–÷—wsÓÒ"À¢&FWb#¢G'VRÀ¢&Æ–6Vç6R#¢$Ô•B"À¢&FWVæFVæ6–W2#¢°¢&ç6’×7G–ÆW2#¢%ãbã"ã"À¢'7G&–ær×v–GF‚#¢%ãrãã"À¢'7G&—Öç6’#¢%ãrãã ¢ÒÀ¢&Væv–æW2#¢°¢&æöFR#¢#ãÓ‚ ¢ÒÀ¢&gVæF–ær#¢°¢'W&Â#¢&‡GG3¢òöv—F‡V"æ6öÒö6†Æ²÷w&Öç6“÷7öç6÷#Ó ¢Ð¢ÒÀ¢&æöFUöÖöGVÆW2÷w&Öç6’öæöFUöÖöGVÆW2÷7G&–ær×v–GF‚#¢°¢'fW'6–öâ#¢#rã"ã"À¢'&W6öÇfVB#¢&‡GG3¢ò÷&Vv—7G'’æçÖ§2æ÷&r÷7G&–ær×v–GF‚òÒ÷7G&–ær×v–GF‚Órã"ãçFw¢"À¢&–çFVw&—G’#¢'6†S"×G6D–´µs–#Dâ´V¢µ5dµv„§¥cr÷¤Ö†57Ss†ÔÄµu6³v5„Ôõ4‡4$´euW3eww…”³4Öt¤%%ƒdv&“Fµ–&GdvµÓÒ"À¢&FWb#¢G'VRÀ¢&Æ–6Vç6R#¢$Ô•B"À¢&FWVæFVæ6–W2#¢°¢&VÖö¦’×&VvW‚#¢%ãã2ã"À¢&vWBÖV7BÖ6–â×v–GF‚#¢%ããã"À¢'7G&—Öç6’#¢%ãrãã ¢ÒÀ¢&Væv–æW2#¢°¢&æöFR#¢#ãÓ‚ ¢ÒÀ¢&gVæF–ær#¢°¢'W&Â#¢&‡GG3¢òöv—F‡V"æ6öÒ÷7öç6÷'2÷6–æG&W6÷&‡W2 ¢Ð¢ÒÀ¢&æöFUöÖöGVÆW2÷‡††6‚×v6Ò#¢°¢'fW'6–öâ#¢#ãã"À¢'&W6öÇfVB#¢&‡GG3¢ò÷&Vv—7G'’æçÖ§2æ÷&r÷‡††6‚×v6ÒòÒ÷‡††6‚×v6ÒÓããçFw¢"À¢&–çFVw&—G’#¢'6†S"ÓCw’óe”æ‚·FÇfæBó'w3†“–ƒf×¢ôWUfæ¤—&Õs„C%3Vä73dDr¶Óg¥Dväç£T’·V…£4‡„'3”'5'v4´DÓÒ"À¢&Æ–6Vç6R#¢$Ô•B ¢ÒÀ¢&æöFUöÖöGVÆW2÷“†â#¢°¢'fW'6–öâ#¢#Rãã‚"À¢'&W6öÇfVB#¢&‡GG3¢ò÷&Vv—7G'’æçÖ§2æ÷&r÷“†âòÒ÷“†âÓRãã‚çFw¢"À¢&–çFVw&—G’#¢'6†S"Ódg¦VvTEt¤„¤”ÕDÅ%$Gt†¦DcW3v¦ó—GW§FE„„”ä6Ge2³6ät”çC‡¥"óÆ„åU3bò³u46#“…”ödÓÒ"À¢&FWb#¢G'VRÀ¢&Æ–6Vç6R#¢$•42"À¢&Væv–æW2#¢°¢&æöFR#¢#ãÓ ¢Ð¢ÒÀ¢&æöFUöÖöGVÆW2÷–ÖÂ#¢°¢'fW'6–öâ#¢#"ã’ã"À¢'&W6öÇfVB#¢&‡GG3¢ò÷&Vv—7G'’æçÖ§2æ÷&r÷–ÖÂòÒ÷–ÖÂÓ"ã’ãçFw¢"À¢&–çFVw&—G’#¢'6†S"Ó$f„åƒ6Ö#‡¦Ce§“t”åGE7ÃcT…sevç£7%vÆ´´Æ7–ÂötÔ”Ô¦——Tw$¶T“%”g…U¦FÄ"³4Æ36TÔÇDÃF4ÓÒ"À¢&FWd÷F–öæÂ#¢G'VRÀ¢&Æ–6Vç6R#¢$•42"À¢'VW"#¢G'VRÀ¢&&–â#¢°¢'–ÖÂ#¢&&–âæÖ§2 ¢ÒÀ¢&Væv–æW2#¢°¢&æöFR#¢#ãÒBãb ¢ÒÀ¢&gVæF–ær#¢°¢'W&Â#¢&‡GG3¢òöv—F‡V"æ6öÒ÷7öç6÷'2öVVÖVÆ’ ¢Ð¢ÒÀ¢&æöFUöÖöGVÆW2÷–ÖÂÖÆæwVvR×6W'fW"#¢°¢'fW'6–öâ#¢#ã#2ã"À¢'&W6öÇfVB#¢&‡GG3¢ò÷&Vv—7G'’æçÖ§2æ÷&r÷–ÖÂÖÆæwVvR×6W'fW"òÒ÷–ÖÂÖÆæwVvR×6W'fW"Óã#2ãçFw¢"À¢&–çFVw&—G’#¢'6†S"Ó7g”4öW„Ä5wseVµ%wdÕtÕ¢öU¦T5%uWftCfö·ÂóF”6ç‡“%wVÖ%v–f“3uVóW†‡•t£W†ÅS3–Æ¦„æƒtÓÒ"À¢&FWb#¢G'VRÀ¢&Æ–6Vç6R#¢$Ô•B"À¢&FWVæFVæ6–W2#¢°¢$g66öFRöÃâ#¢%ããã‚"À¢&§b#¢%ã‚ãrã"À¢&§bÖG&gBÓB#¢%ããã"À¢&§bÖ“†â#¢%ãBã"ã"À¢'&WGF–W"#¢%ã2ã‚ã"À¢'&WVW7BÖÆ–v‡B#¢%ããRãr"À¢'g66öFRÖ§6öâÖÆæwVvW6W'f–6R#¢#Bãã‚"À¢'g66öFRÖÆæwVvW6W'fW"#¢%ã’ãã"À¢'g66öFRÖÆæwVvW6W'fW"×FW‡FFö7VÖVçB#¢%ããã"À¢'g66öFRÖÆæwVvW6W'fW"×G—W2#¢%ã2ãbã"À¢'g66öFR×W&’#¢%ã2ãã""À¢'–ÖÂ#¢#"ã‚ã2 ¢ÒÀ¢&&–â#¢°¢'–ÖÂÖÆæwVvR×6W'fW"#¢&&–â÷–ÖÂÖÆæwVvR×6W'fW" ¢Ð¢ÒÀ¢&æöFUöÖöGVÆW2÷–ÖÂÖÆæwVvR×6W'fW"öæöFUöÖöGVÆW2÷&WVW7BÖÆ–v‡B#¢°¢'fW'6–öâ#¢#ãRã‚"À¢'&W6öÇfVB#¢&‡GG3¢ò÷&Vv—7G'’æçÖ§2æ÷&r÷&WVW7BÖÆ–v‡BòÒ÷&WVW7BÖÆ–v‡BÓãRã‚çFw¢"À¢&–çFVw&—G’#¢'6†S"Ó5¦¦v‚³†#Vf…$¤%¦÷’·¦%d·tÇ–¶Õus7§'UDcFDdd£„g6gS•—4f’÷'fF6FUts4Ö¶%§cEt·„âóƒDÆsÓÒ"À¢&FWb#¢G'VRÀ¢&Æ–6Vç6R#¢$Ô•B ¢ÒÀ¢&æöFUöÖöGVÆW2÷–ÖÂÖÆæwVvR×6W'fW"öæöFUöÖöGVÆW2÷–ÖÂ#¢°¢'fW'6–öâ#¢#"ã‚ã2"À¢'&W6öÇfVB#¢&‡GG3¢ò÷&Vv—7G'’æçÖ§2æ÷&r÷–ÖÂòÒ÷–ÖÂÓ"ã‚ã2çFw¢"À¢&–çFVw&—G’#¢'6†S"Ôf&4Äôó$÷GröÅsV&Öƒ–BõtVF4DfE%£%¥Tƒ7ƒ•S&–‡•U“çdÇct£eG%v÷v¶Å$u–$"ô—T”Öe–w†5sT'sÓÒ"À¢&FWb#¢G'VRÀ¢&Æ–6Vç6R#¢$•42"À¢&&–â#¢°¢'–ÖÂ#¢&&–âæÖ§2 ¢ÒÀ¢&Væv–æW2#¢°¢&æöFR#¢#ãÒBãb ¢ÒÀ¢&gVæF–ær#¢°¢'W&Â#¢&‡GG3¢òöv—F‡V"æ6öÒ÷7öç6÷'2öVVÖVÆ’ ¢Ð¢ÒÀ¢&æöFUöÖöGVÆW2÷–&w2#¢°¢'fW'6–öâ#¢#‚ãã"À¢'&W6öÇfVB#¢&‡GG3¢ò÷&Vv—7G'’æçÖ§2æ÷&r÷–&w2òÒ÷–&w2Ó‚ããçFw¢"À¢&–çFVw&—G’#¢'6†S"Ó'$u$·SSEg4†·“÷E–¶ÖÇTu„„CDµsw•¦÷–7WEUõFæ3%efg“äâóTÖ†åÄó¶GwD³#‡T6æ3”vUW–sÓÒ"À¢&FWb#¢G'VRÀ¢&Æ–6Vç6R#¢$Ô•B"À¢&FWVæFVæ6–W2#¢°¢&6Æ—V’#¢%ã’ãã"À¢&W66ÆFR#¢%ã2ãã"À¢&vWBÖ6ÆÆW"Öf–ÆR#¢%ã"ããR"À¢'7G&–ær×v–GF‚#¢%ã‚ã"ã"À¢'“†â#¢%ãRããR"À¢'–&w2×'6W"#¢%ã#"ãã ¢ÒÀ¢&Væv–æW2#¢°¢&æöFR#¢%ã#ã’ãÇÂã#"ã"ãÇÂãÓ#2 ¢Ð¢ÒÀ¢&æöFUöÖöGVÆW2÷–&w2×'6W"#¢°¢'fW'6–öâ#¢##"ãã"À¢'&W6öÇfVB#¢&‡GG3¢ò÷&Vv—7G'’æçÖ§2æ÷&r÷–&w2×'6W"òÒ÷–&w2×'6W"Ó#"ããçFw¢"À¢&–çFVw&—G’#¢'6†S"×'wRô6ÄæE4×µ7%V"¶Cd%'56´ÅWfÖg5“eD÷—¥Gwgv¶sôå$sƒT´'“6·²´„ÄµuƒfÇ7R¶vB³&¶‡gU‡'sÓÒ"À¢&Æ–6Vç6R#¢$•42"À¢&Væv–æW2#¢°¢&æöFR#¢%ã#ã’ãÇÂã#"ã"ãÇÂãÓ#2 ¢Ð¢ÒÀ¢&æöFUöÖöGVÆW2÷–ö7Fò×VWVR#¢°¢'fW'6–öâ#¢#ã"ã""À¢'&W6öÇfVB#¢&‡GG3¢ò÷&Vv—7G'’æçÖ§2æ÷&r÷–ö7Fò×VWVRòÒ÷–ö7Fò×VWVRÓã"ã"çFw¢"À¢&–çFVw&—G’#¢'6†S"ÓDÄ676RõS$Ô…£c4„¥dR·csów”öD–SF5£swc„Bô—–¤Dµ•ÅcTtCCd"¶…5F¤§7ecU§F§d†õSSƒVgG†¤E¤eÓÒ"À¢&Æ–6Vç6R#¢$Ô•B"À¢&Væv–æW2#¢°¢&æöFR#¢#ãÓ"ã# ¢ÒÀ¢&gVæF–ær#¢°¢'W&Â#¢&‡GG3¢òöv—F‡V"æ6öÒ÷7öç6÷'2÷6–æG&W6÷&‡W2 ¢Ð¢ÒÀ¢&æöFUöÖöGVÆW2÷¦öB#¢°¢'fW'6–öâ#¢#BãBã2"À¢'&W6öÇfVB#¢&‡GG3¢ò÷&Vv—7G'’æçÖ§2æ÷&r÷¦öBòÒ÷¦öBÓBãBã2çFw¢"À¢&–çFVw&—G’#¢'6†S"×—DTäf¤”¤fÃ%Wu–vÆFS&¦6…s$‡vÓDt¤dÄF•5…vEG$¥$”ã”f7—vãDF‡„¤V•tä¤Õcô'verö¶¶ssTF4„§•EÓÒ"À¢&Æ–6Vç6R#¢$Ô•B"À¢&gVæF–ær#¢°¢'W&Â#¢&‡GG3¢òöv—F‡V"æ6öÒ÷7öç6÷'2ö6öÆ–æ†6·2 ¢Ð¢ÒÀ¢&æöFUöÖöGVÆW2÷§v—F6‚#¢°¢'fW'6–öâ#¢#"ããB"À¢'&W6öÇfVB#¢&‡GG3¢ò÷&Vv—7G'’æçÖ§2æ÷&r÷§v—F6‚òÒ÷§v—F6‚Ó"ããBçFw¢"À¢&–çFVw&—G’#¢'6†S"Ö%„SF5"öµe¦„µ¥‚õ&¥VfÄ†µf…UfÃƒVæõS7cf#†eV3ƒD·¤'†¥£FÄã„ÇvCeu£6FÃ“‡“FósudfÖõ´ÓÒ"À¢&Æ–6Vç6R#¢$Ô•B"À¢&gVæF–ær#¢°¢'G—R#¢&v—F‡V""À¢'W&Â#¢&‡GG3¢òöv—F‡V"æ6öÒ÷7öç6÷'2÷vöö÷&Ò ¢Ð¢Ð¢Ð§Ð